{"1.2.0",
[{<<"p1_utils">>,{pkg,<<"p1_utils">>,<<"1.0.26">>},1},
 {<<"stringprep">>,{pkg,<<"stringprep">>,<<"1.0.31">>},0}]}.
[
{pkg_hash,[
 {<<"p1_utils">>, <<"67B0C4AC9FA3BA3EF563B31AA111B0A004439A37FAC85E027F1C3617E1C7EC6C">>},
 {<<"stringprep">>, <<"FA1688C156DD271722AA18C423A4163E710D2F4F475AD0BC220910DF669B53AF">>}]},
{pkg_hash_ext,[
 {<<"p1_utils">>, <<"D0379E8C1156B98BD64F8129C1DE022FCCA4F2FDB7486CE73BF0ED2C3376B04C">>},
 {<<"stringprep">>, <<"E9699C88E8DB16B3A41F0E45AC6874A4DA81A6E4854A77D76EDE6D09B08E3530">>}]}
].
