{"1.2.0",
[{<<"p1_utils">>,{pkg,<<"p1_utils">>,<<"1.0.27">>},1},
 {<<"stringprep">>,{pkg,<<"stringprep">>,<<"1.0.32">>},0}]}.
[
{pkg_hash,[
 {<<"p1_utils">>, <<"F468D84C6FFA6E4B12A6160826DCF2D015527189D57865568A78B49C5ED972A1">>},
 {<<"stringprep">>, <<"63FD7FF5417A4A48DB6BB529C83D678361D34188367C1B13B3EAF39ACDEDB8E5">>}]},
{pkg_hash_ext,[
 {<<"p1_utils">>, <<"F1AF942B0A62BCFA0D59FBE30679BE4FFEB5E241A0C49ED5F094DB2F5B80F5E0">>},
 {<<"stringprep">>, <<"6069CB059F5D18A312C42E5F374E9DE415DF68F7E3090C9C1A5505E2A8532710">>}]}
].
